
Microsoft Visual Studio Solution File, Format Version 12.00
# Visual Studio 2012
Project("{FAE04EC0-301F-11D3-BF4B-00C04F79EFBC}") = "LeonidStroy.Store.Web", "LeonidStroy.Store.Web\LeonidStroy.Store.Web.csproj", "{281DB5A0-B529-45B8-AD29-E1A0B066BE6B}"
EndProject
Project("{FAE04EC0-301F-11D3-BF4B-00C04F79EFBC}") = "LeonidStroy.Store.Web.Tests", "LeonidStroy.Store.Web.Tests\LeonidStroy.Store.Web.Tests.csproj", "{22E2AE7C-A086-462E-BE17-61997DA624FE}"
EndProject
Project("{FAE04EC0-301F-11D3-BF4B-00C04F79EFBC}") = "LeonidStroy.Store.Data", "LeonidStroy.Store.Data\LeonidStroy.Store.Data.csproj", "{C95806ED-C3D2-4553-B4A0-5B96019033ED}"
EndProject
Project("{FAE04EC0-301F-11D3-BF4B-00C04F79EFBC}") = "LeonidStroy.Store.Data.Tests", "LeonidStroy.Store.Data.Tests\LeonidStroy.Store.Data.Tests.csproj", "{27DC0074-B39E-4849-8D9D-66CF7C60DF2C}"
EndProject
Project("{FAE04EC0-301F-11D3-BF4B-00C04F79EFBC}") = "LeonidStroy.Store.Common.Tests", "LeonidStroy.Store.Common.Tests\LeonidStroy.Store.Common.Tests.csproj", "{340DCB4F-9FB2-428C-BADF-3B71A767110E}"
EndProject
Project("{FAE04EC0-301F-11D3-BF4B-00C04F79EFBC}") = "LeonidStroy.Store.Common", "LeonidStroy.Store.Common\LeonidStroy.Store.Common.csproj", "{BC75A8B3-8624-4B87-98C8-75E9D70F27F6}"
EndProject
Project("{FAE04EC0-301F-11D3-BF4B-00C04F79EFBC}") = "LeonidStroy.Store.ModelServices", "LeonidStroy.Store.ModelServices\LeonidStroy.Store.ModelServices.csproj", "{2835C34A-F437-46DC-AF27-98AAA7611CF6}"
EndProject
Global
	GlobalSection(SolutionConfigurationPlatforms) = preSolution
		Debug|Any CPU = Debug|Any CPU
		Release|Any CPU = Release|Any CPU
	EndGlobalSection
	GlobalSection(ProjectConfigurationPlatforms) = postSolution
		{281DB5A0-B529-45B8-AD29-E1A0B066BE6B}.Debug|Any CPU.ActiveCfg = Debug|Any CPU
		{281DB5A0-B529-45B8-AD29-E1A0B066BE6B}.Debug|Any CPU.Build.0 = Debug|Any CPU
		{281DB5A0-B529-45B8-AD29-E1A0B066BE6B}.Release|Any CPU.ActiveCfg = Release|Any CPU
		{281DB5A0-B529-45B8-AD29-E1A0B066BE6B}.Release|Any CPU.Build.0 = Release|Any CPU
		{22E2AE7C-A086-462E-BE17-61997DA624FE}.Debug|Any CPU.ActiveCfg = Debug|Any CPU
		{22E2AE7C-A086-462E-BE17-61997DA624FE}.Debug|Any CPU.Build.0 = Debug|Any CPU
		{22E2AE7C-A086-462E-BE17-61997DA624FE}.Release|Any CPU.ActiveCfg = Release|Any CPU
		{22E2AE7C-A086-462E-BE17-61997DA624FE}.Release|Any CPU.Build.0 = Release|Any CPU
		{C95806ED-C3D2-4553-B4A0-5B96019033ED}.Debug|Any CPU.ActiveCfg = Debug|Any CPU
		{C95806ED-C3D2-4553-B4A0-5B96019033ED}.Debug|Any CPU.Build.0 = Debug|Any CPU
		{C95806ED-C3D2-4553-B4A0-5B96019033ED}.Release|Any CPU.ActiveCfg = Release|Any CPU
		{C95806ED-C3D2-4553-B4A0-5B96019033ED}.Release|Any CPU.Build.0 = Release|Any CPU
		{27DC0074-B39E-4849-8D9D-66CF7C60DF2C}.Debug|Any CPU.ActiveCfg = Debug|Any CPU
		{27DC0074-B39E-4849-8D9D-66CF7C60DF2C}.Debug|Any CPU.Build.0 = Debug|Any CPU
		{27DC0074-B39E-4849-8D9D-66CF7C60DF2C}.Release|Any CPU.ActiveCfg = Release|Any CPU
		{27DC0074-B39E-4849-8D9D-66CF7C60DF2C}.Release|Any CPU.Build.0 = Release|Any CPU
		{340DCB4F-9FB2-428C-BADF-3B71A767110E}.Debug|Any CPU.ActiveCfg = Debug|Any CPU
		{340DCB4F-9FB2-428C-BADF-3B71A767110E}.Debug|Any CPU.Build.0 = Debug|Any CPU
		{340DCB4F-9FB2-428C-BADF-3B71A767110E}.Release|Any CPU.ActiveCfg = Release|Any CPU
		{340DCB4F-9FB2-428C-BADF-3B71A767110E}.Release|Any CPU.Build.0 = Release|Any CPU
		{BC75A8B3-8624-4B87-98C8-75E9D70F27F6}.Debug|Any CPU.ActiveCfg = Debug|Any CPU
		{BC75A8B3-8624-4B87-98C8-75E9D70F27F6}.Debug|Any CPU.Build.0 = Debug|Any CPU
		{BC75A8B3-8624-4B87-98C8-75E9D70F27F6}.Release|Any CPU.ActiveCfg = Release|Any CPU
		{BC75A8B3-8624-4B87-98C8-75E9D70F27F6}.Release|Any CPU.Build.0 = Release|Any CPU
		{2835C34A-F437-46DC-AF27-98AAA7611CF6}.Debug|Any CPU.ActiveCfg = Debug|Any CPU
		{2835C34A-F437-46DC-AF27-98AAA7611CF6}.Debug|Any CPU.Build.0 = Debug|Any CPU
		{2835C34A-F437-46DC-AF27-98AAA7611CF6}.Release|Any CPU.ActiveCfg = Release|Any CPU
		{2835C34A-F437-46DC-AF27-98AAA7611CF6}.Release|Any CPU.Build.0 = Release|Any CPU
	EndGlobalSection
	GlobalSection(SolutionProperties) = preSolution
		HideSolutionNode = FALSE
	EndGlobalSection
EndGlobal
